// !$*UTF8*$!
{
	archiveVersion = 1;
	classes = {
	};
	objectVersion = 55;
	objects = {

/* Begin PBXBuildFile section */
		509C3C5B25B4C69EAE112BA7 /* Pods_NeatoSurfingSpots.framework in Frameworks */ = {isa = PBXBuildFile; fileRef = B72944382DB072ECA995BEFF /* Pods_NeatoSurfingSpots.framework */; };
		5DFB0BB25D4BE80227EEE964 /* Pods_NeatoSurfingSpots_NeatoSurfingSpotsUITests.framework in Frameworks */ = {isa = PBXBuildFile; fileRef = 23CE5042D1469BF552F0D8BF /* Pods_NeatoSurfingSpots_NeatoSurfingSpotsUITests.framework */; };
		E019D1B785AEB23B773C6124 /* Pods_NeatoSurfingSpotsTests.framework in Frameworks */ = {isa = PBXBuildFile; fileRef = C7DA3CC8C83330EC9E2D2362 /* Pods_NeatoSurfingSpotsTests.framework */; };
		E53EA76327F261B70010C6F6 /* MockyURLProtocol.swift in Sources */ = {isa = PBXBuildFile; fileRef = E53EA76227F261B70010C6F6 /* MockyURLProtocol.swift */; };
		E5512AED27EE70DF0089F274 /* AppDelegate.swift in Sources */ = {isa = PBXBuildFile; fileRef = E5512AEC27EE70DF0089F274 /* AppDelegate.swift */; };
		E5512AF127EE70DF0089F274 /* HomeViewController.swift in Sources */ = {isa = PBXBuildFile; fileRef = E5512AF027EE70DF0089F274 /* HomeViewController.swift */; };
		E5512AF627EE70E20089F274 /* Assets.xcassets in Resources */ = {isa = PBXBuildFile; fileRef = E5512AF527EE70E20089F274 /* Assets.xcassets */; };
		E5512AF927EE70E20089F274 /* LaunchScreen.storyboard in Resources */ = {isa = PBXBuildFile; fileRef = E5512AF727EE70E20089F274 /* LaunchScreen.storyboard */; };
		E5512B0427EE70E30089F274 /* NeatoSurfingSpotsTests.swift in Sources */ = {isa = PBXBuildFile; fileRef = E5512B0327EE70E30089F274 /* NeatoSurfingSpotsTests.swift */; };
		E5512B0E27EE70E30089F274 /* NeatoSurfingSpotsUITests.swift in Sources */ = {isa = PBXBuildFile; fileRef = E5512B0D27EE70E30089F274 /* NeatoSurfingSpotsUITests.swift */; };
		E5512B1027EE70E30089F274 /* NeatoSurfingSpotsUITestsLaunchTests.swift in Sources */ = {isa = PBXBuildFile; fileRef = E5512B0F27EE70E30089F274 /* NeatoSurfingSpotsUITestsLaunchTests.swift */; };
		E5512B1E27EE72BD0089F274 /* Coordinator.swift in Sources */ = {isa = PBXBuildFile; fileRef = E5512B1D27EE72BD0089F274 /* Coordinator.swift */; };
		E5CDE19727EE785B009219AD /* NetworkClient.swift in Sources */ = {isa = PBXBuildFile; fileRef = E5CDE19627EE785B009219AD /* NetworkClient.swift */; };
		E5CDE19927EE78E7009219AD /* SurfingSpot.swift in Sources */ = {isa = PBXBuildFile; fileRef = E5CDE19827EE78E7009219AD /* SurfingSpot.swift */; };
		E5CDE19B27EE7AC8009219AD /* NetworkClientMock.swift in Sources */ = {isa = PBXBuildFile; fileRef = E5CDE19A27EE7AC8009219AD /* NetworkClientMock.swift */; };
		E5CDE19D27EE7C4D009219AD /* HomeViewModel.swift in Sources */ = {isa = PBXBuildFile; fileRef = E5CDE19C27EE7C4D009219AD /* HomeViewModel.swift */; };
		E5CDE19F27EE82F9009219AD /* CityViewModel.swift in Sources */ = {isa = PBXBuildFile; fileRef = E5CDE19E27EE82F9009219AD /* CityViewModel.swift */; };
		E5CDE1A127EE89C6009219AD /* CityCell.swift in Sources */ = {isa = PBXBuildFile; fileRef = E5CDE1A027EE89C6009219AD /* CityCell.swift */; };
		E5CDE1A327EE89CE009219AD /* Reusable.swift in Sources */ = {isa = PBXBuildFile; fileRef = E5CDE1A227EE89CE009219AD /* Reusable.swift */; };
		E5CDE1A627EE96B3009219AD /* Hash.swift in Sources */ = {isa = PBXBuildFile; fileRef = E5CDE1A527EE96B3009219AD /* Hash.swift */; };
/* End PBXBuildFile section */

/* Begin PBXContainerItemProxy section */
		E5512B0027EE70E30089F274 /* PBXContainerItemProxy */ = {
			isa = PBXContainerItemProxy;
			containerPortal = E5512AE127EE70DE0089F274 /* Project object */;
			proxyType = 1;
			remoteGlobalIDString = E5512AE827EE70DF0089F274;
			remoteInfo = NeatoSurfingSpots;
		};
		E5512B0A27EE70E30089F274 /* PBXContainerItemProxy */ = {
			isa = PBXContainerItemProxy;
			containerPortal = E5512AE127EE70DE0089F274 /* Project object */;
			proxyType = 1;
			remoteGlobalIDString = E5512AE827EE70DF0089F274;
			remoteInfo = NeatoSurfingSpots;
		};
/* End PBXContainerItemProxy section */

/* Begin PBXFileReference section */
		0BD573065061D2D595204548 /* Pods-NeatoSurfingSpots.debug.xcconfig */ = {isa = PBXFileReference; includeInIndex = 1; lastKnownFileType = text.xcconfig; name = "Pods-NeatoSurfingSpots.debug.xcconfig"; path = "Target Support Files/Pods-NeatoSurfingSpots/Pods-NeatoSurfingSpots.debug.xcconfig"; sourceTree = "<group>"; };
		23CE5042D1469BF552F0D8BF /* Pods_NeatoSurfingSpots_NeatoSurfingSpotsUITests.framework */ = {isa = PBXFileReference; explicitFileType = wrapper.framework; includeInIndex = 0; path = Pods_NeatoSurfingSpots_NeatoSurfingSpotsUITests.framework; sourceTree = BUILT_PRODUCTS_DIR; };
		50E1A19FF402D2C2ECEAD810 /* Pods-NeatoSurfingSpots-NeatoSurfingSpotsUITests.release.xcconfig */ = {isa = PBXFileReference; includeInIndex = 1; lastKnownFileType = text.xcconfig; name = "Pods-NeatoSurfingSpots-NeatoSurfingSpotsUITests.release.xcconfig"; path = "Target Support Files/Pods-NeatoSurfingSpots-NeatoSurfingSpotsUITests/Pods-NeatoSurfingSpots-NeatoSurfingSpotsUITests.release.xcconfig"; sourceTree = "<group>"; };
		7BCF8E028AC1BCECBCFA3595 /* Pods-NeatoSurfingSpotsTests.debug.xcconfig */ = {isa = PBXFileReference; includeInIndex = 1; lastKnownFileType = text.xcconfig; name = "Pods-NeatoSurfingSpotsTests.debug.xcconfig"; path = "Target Support Files/Pods-NeatoSurfingSpotsTests/Pods-NeatoSurfingSpotsTests.debug.xcconfig"; sourceTree = "<group>"; };
		B72944382DB072ECA995BEFF /* Pods_NeatoSurfingSpots.framework */ = {isa = PBXFileReference; explicitFileType = wrapper.framework; includeInIndex = 0; path = Pods_NeatoSurfingSpots.framework; sourceTree = BUILT_PRODUCTS_DIR; };
		C7DA3CC8C83330EC9E2D2362 /* Pods_NeatoSurfingSpotsTests.framework */ = {isa = PBXFileReference; explicitFileType = wrapper.framework; includeInIndex = 0; path = Pods_NeatoSurfingSpotsTests.framework; sourceTree = BUILT_PRODUCTS_DIR; };
		CE760C55C22AA1451F9BEDCE /* Pods-NeatoSurfingSpots-NeatoSurfingSpotsUITests.debug.xcconfig */ = {isa = PBXFileReference; includeInIndex = 1; lastKnownFileType = text.xcconfig; name = "Pods-NeatoSurfingSpots-NeatoSurfingSpotsUITests.debug.xcconfig"; path = "Target Support Files/Pods-NeatoSurfingSpots-NeatoSurfingSpotsUITests/Pods-NeatoSurfingSpots-NeatoSurfingSpotsUITests.debug.xcconfig"; sourceTree = "<group>"; };
		DEE6119834B6FFD060BA81B8 /* Pods-NeatoSurfingSpots.release.xcconfig */ = {isa = PBXFileReference; includeInIndex = 1; lastKnownFileType = text.xcconfig; name = "Pods-NeatoSurfingSpots.release.xcconfig"; path = "Target Support Files/Pods-NeatoSurfingSpots/Pods-NeatoSurfingSpots.release.xcconfig"; sourceTree = "<group>"; };
		E53EA76227F261B70010C6F6 /* MockyURLProtocol.swift */ = {isa = PBXFileReference; lastKnownFileType = sourcecode.swift; path = MockyURLProtocol.swift; sourceTree = "<group>"; };
		E5512AE927EE70DF0089F274 /* NeatoSurfingSpots.app */ = {isa = PBXFileReference; explicitFileType = wrapper.application; includeInIndex = 0; path = NeatoSurfingSpots.app; sourceTree = BUILT_PRODUCTS_DIR; };
		E5512AEC27EE70DF0089F274 /* AppDelegate.swift */ = {isa = PBXFileReference; lastKnownFileType = sourcecode.swift; path = AppDelegate.swift; sourceTree = "<group>"; };
		E5512AF027EE70DF0089F274 /* HomeViewController.swift */ = {isa = PBXFileReference; lastKnownFileType = sourcecode.swift; path = HomeViewController.swift; sourceTree = "<group>"; };
		E5512AF527EE70E20089F274 /* Assets.xcassets */ = {isa = PBXFileReference; lastKnownFileType = folder.assetcatalog; path = Assets.xcassets; sourceTree = "<group>"; };
		E5512AF827EE70E20089F274 /* Base */ = {isa = PBXFileReference; lastKnownFileType = file.storyboard; name = Base; path = Base.lproj/LaunchScreen.storyboard; sourceTree = "<group>"; };
		E5512AFA27EE70E20089F274 /* Info.plist */ = {isa = PBXFileReference; lastKnownFileType = text.plist.xml; path = Info.plist; sourceTree = "<group>"; };
		E5512AFF27EE70E30089F274 /* NeatoSurfingSpotsTests.xctest */ = {isa = PBXFileReference; explicitFileType = wrapper.cfbundle; includeInIndex = 0; path = NeatoSurfingSpotsTests.xctest; sourceTree = BUILT_PRODUCTS_DIR; };
		E5512B0327EE70E30089F274 /* NeatoSurfingSpotsTests.swift */ = {isa = PBXFileReference; lastKnownFileType = sourcecode.swift; path = NeatoSurfingSpotsTests.swift; sourceTree = "<group>"; };
		E5512B0927EE70E30089F274 /* NeatoSurfingSpotsUITests.xctest */ = {isa = PBXFileReference; explicitFileType = wrapper.cfbundle; includeInIndex = 0; path = NeatoSurfingSpotsUITests.xctest; sourceTree = BUILT_PRODUCTS_DIR; };
		E5512B0D27EE70E30089F274 /* NeatoSurfingSpotsUITests.swift */ = {isa = PBXFileReference; lastKnownFileType = sourcecode.swift; path = NeatoSurfingSpotsUITests.swift; sourceTree = "<group>"; };
		E5512B0F27EE70E30089F274 /* NeatoSurfingSpotsUITestsLaunchTests.swift */ = {isa = PBXFileReference; lastKnownFileType = sourcecode.swift; path = NeatoSurfingSpotsUITestsLaunchTests.swift; sourceTree = "<group>"; };
		E5512B1D27EE72BD0089F274 /* Coordinator.swift */ = {isa = PBXFileReference; lastKnownFileType = sourcecode.swift; path = Coordinator.swift; sourceTree = "<group>"; };
		E5CDE19627EE785B009219AD /* NetworkClient.swift */ = {isa = PBXFileReference; lastKnownFileType = sourcecode.swift; path = NetworkClient.swift; sourceTree = "<group>"; };
		E5CDE19827EE78E7009219AD /* SurfingSpot.swift */ = {isa = PBXFileReference; lastKnownFileType = sourcecode.swift; path = SurfingSpot.swift; sourceTree = "<group>"; };
		E5CDE19A27EE7AC8009219AD /* NetworkClientMock.swift */ = {isa = PBXFileReference; lastKnownFileType = sourcecode.swift; path = NetworkClientMock.swift; sourceTree = "<group>"; };
		E5CDE19C27EE7C4D009219AD /* HomeViewModel.swift */ = {isa = PBXFileReference; lastKnownFileType = sourcecode.swift; path = HomeViewModel.swift; sourceTree = "<group>"; };
		E5CDE19E27EE82F9009219AD /* CityViewModel.swift */ = {isa = PBXFileReference; lastKnownFileType = sourcecode.swift; path = CityViewModel.swift; sourceTree = "<group>"; };
		E5CDE1A027EE89C6009219AD /* CityCell.swift */ = {isa = PBXFileReference; lastKnownFileType = sourcecode.swift; path = CityCell.swift; sourceTree = "<group>"; };
		E5CDE1A227EE89CE009219AD /* Reusable.swift */ = {isa = PBXFileReference; lastKnownFileType = sourcecode.swift; path = Reusable.swift; sourceTree = "<group>"; };
		E5CDE1A527EE96B3009219AD /* Hash.swift */ = {isa = PBXFileReference; lastKnownFileType = sourcecode.swift; path = Hash.swift; sourceTree = "<group>"; };
		F1BBFF63608C3ED9C818F616 /* Pods-NeatoSurfingSpotsTests.release.xcconfig */ = {isa = PBXFileReference; includeInIndex = 1; lastKnownFileType = text.xcconfig; name = "Pods-NeatoSurfingSpotsTests.release.xcconfig"; path = "Target Support Files/Pods-NeatoSurfingSpotsTests/Pods-NeatoSurfingSpotsTests.release.xcconfig"; sourceTree = "<group>"; };
/* End PBXFileReference section */

/* Begin PBXFrameworksBuildPhase section */
		E5512AE627EE70DF0089F274 /* Frameworks */ = {
			isa = PBXFrameworksBuildPhase;
			buildActionMask = 2147483647;
			files = (
				509C3C5B25B4C69EAE112BA7 /* Pods_NeatoSurfingSpots.framework in Frameworks */,
			);
			runOnlyForDeploymentPostprocessing = 0;
		};
		E5512AFC27EE70E30089F274 /* Frameworks */ = {
			isa = PBXFrameworksBuildPhase;
			buildActionMask = 2147483647;
			files = (
				E019D1B785AEB23B773C6124 /* Pods_NeatoSurfingSpotsTests.framework in Frameworks */,
			);
			runOnlyForDeploymentPostprocessing = 0;
		};
		E5512B0627EE70E30089F274 /* Frameworks */ = {
			isa = PBXFrameworksBuildPhase;
			buildActionMask = 2147483647;
			files = (
				5DFB0BB25D4BE80227EEE964 /* Pods_NeatoSurfingSpots_NeatoSurfingSpotsUITests.framework in Frameworks */,
			);
			runOnlyForDeploymentPostprocessing = 0;
		};
/* End PBXFrameworksBuildPhase section */

/* Begin PBXGroup section */
		6ACBF7A82AF1E5ADAAA603A2 /* Frameworks */ = {
			isa = PBXGroup;
			children = (
				B72944382DB072ECA995BEFF /* Pods_NeatoSurfingSpots.framework */,
				23CE5042D1469BF552F0D8BF /* Pods_NeatoSurfingSpots_NeatoSurfingSpotsUITests.framework */,
				C7DA3CC8C83330EC9E2D2362 /* Pods_NeatoSurfingSpotsTests.framework */,
			);
			name = Frameworks;
			sourceTree = "<group>";
		};
		E5512AE027EE70DE0089F274 = {
			isa = PBXGroup;
			children = (
				E5512AEB27EE70DF0089F274 /* NeatoSurfingSpots */,
				E5512B0227EE70E30089F274 /* NeatoSurfingSpotsTests */,
				E5512B0C27EE70E30089F274 /* NeatoSurfingSpotsUITests */,
				E5512AEA27EE70DF0089F274 /* Products */,
				F6D43C1C7498FA71443AC47B /* Pods */,
				6ACBF7A82AF1E5ADAAA603A2 /* Frameworks */,
			);
			sourceTree = "<group>";
		};
		E5512AEA27EE70DF0089F274 /* Products */ = {
			isa = PBXGroup;
			children = (
				E5512AE927EE70DF0089F274 /* NeatoSurfingSpots.app */,
				E5512AFF27EE70E30089F274 /* NeatoSurfingSpotsTests.xctest */,
				E5512B0927EE70E30089F274 /* NeatoSurfingSpotsUITests.xctest */,
			);
			name = Products;
			sourceTree = "<group>";
		};
		E5512AEB27EE70DF0089F274 /* NeatoSurfingSpots */ = {
			isa = PBXGroup;
			children = (
				E5CDE1A427EE96A9009219AD /* Extension */,
				E5CDE19527EE7643009219AD /* View */,
				E5CDE19427EE7632009219AD /* Networking */,
				E5CDE19327EE762C009219AD /* Model */,
				E5512B1C27EE729C0089F274 /* Coordinator */,
				E5512AEC27EE70DF0089F274 /* AppDelegate.swift */,
				E5512AF027EE70DF0089F274 /* HomeViewController.swift */,
				E5512AF527EE70E20089F274 /* Assets.xcassets */,
				E5512AF727EE70E20089F274 /* LaunchScreen.storyboard */,
				E5512AFA27EE70E20089F274 /* Info.plist */,
			);
			path = NeatoSurfingSpots;
			sourceTree = "<group>";
		};
		E5512B0227EE70E30089F274 /* NeatoSurfingSpotsTests */ = {
			isa = PBXGroup;
			children = (
				E5512B0327EE70E30089F274 /* NeatoSurfingSpotsTests.swift */,
				E53EA76227F261B70010C6F6 /* MockyURLProtocol.swift */,
			);
			path = NeatoSurfingSpotsTests;
			sourceTree = "<group>";
		};
		E5512B0C27EE70E30089F274 /* NeatoSurfingSpotsUITests */ = {
			isa = PBXGroup;
			children = (
				E5512B0D27EE70E30089F274 /* NeatoSurfingSpotsUITests.swift */,
				E5512B0F27EE70E30089F274 /* NeatoSurfingSpotsUITestsLaunchTests.swift */,
			);
			path = NeatoSurfingSpotsUITests;
			sourceTree = "<group>";
		};
		E5512B1C27EE729C0089F274 /* Coordinator */ = {
			isa = PBXGroup;
			children = (
				E5512B1D27EE72BD0089F274 /* Coordinator.swift */,
			);
			path = Coordinator;
			sourceTree = "<group>";
		};
		E5CDE19327EE762C009219AD /* Model */ = {
			isa = PBXGroup;
			children = (
				E5CDE19827EE78E7009219AD /* SurfingSpot.swift */,
				E5CDE19C27EE7C4D009219AD /* HomeViewModel.swift */,
				E5CDE19E27EE82F9009219AD /* CityViewModel.swift */,
			);
			path = Model;
			sourceTree = "<group>";
		};
		E5CDE19427EE7632009219AD /* Networking */ = {
			isa = PBXGroup;
			children = (
				E5CDE19627EE785B009219AD /* NetworkClient.swift */,
				E5CDE19A27EE7AC8009219AD /* NetworkClientMock.swift */,
			);
			path = Networking;
			sourceTree = "<group>";
		};
		E5CDE19527EE7643009219AD /* View */ = {
			isa = PBXGroup;
			children = (
				E5CDE1A027EE89C6009219AD /* CityCell.swift */,
				E5CDE1A227EE89CE009219AD /* Reusable.swift */,
			);
			path = View;
			sourceTree = "<group>";
		};
		E5CDE1A427EE96A9009219AD /* Extension */ = {
			isa = PBXGroup;
			children = (
				E5CDE1A527EE96B3009219AD /* Hash.swift */,
			);
			path = Extension;
			sourceTree = "<group>";
		};
		F6D43C1C7498FA71443AC47B /* Pods */ = {
			isa = PBXGroup;
			children = (
				0BD573065061D2D595204548 /* Pods-NeatoSurfingSpots.debug.xcconfig */,
				DEE6119834B6FFD060BA81B8 /* Pods-NeatoSurfingSpots.release.xcconfig */,
				CE760C55C22AA1451F9BEDCE /* Pods-NeatoSurfingSpots-NeatoSurfingSpotsUITests.debug.xcconfig */,
				50E1A19FF402D2C2ECEAD810 /* Pods-NeatoSurfingSpots-NeatoSurfingSpotsUITests.release.xcconfig */,
				7BCF8E028AC1BCECBCFA3595 /* Pods-NeatoSurfingSpotsTests.debug.xcconfig */,
				F1BBFF63608C3ED9C818F616 /* Pods-NeatoSurfingSpotsTests.release.xcconfig */,
			);
			path = Pods;
			sourceTree = "<group>";
		};
/* End PBXGroup section */

/* Begin PBXNativeTarget section */
		E5512AE827EE70DF0089F274 /* NeatoSurfingSpots */ = {
			isa = PBXNativeTarget;
			buildConfigurationList = E5512B1327EE70E30089F274 /* Build configuration list for PBXNativeTarget "NeatoSurfingSpots" */;
			buildPhases = (
				EED7E93801F904B03E20AB9B /* [CP] Check Pods Manifest.lock */,
				E5512AE527EE70DF0089F274 /* Sources */,
				E5512AE627EE70DF0089F274 /* Frameworks */,
				E5512AE727EE70DF0089F274 /* Resources */,
				E5512B1F27EE744B0089F274 /* SwiftLint */,
				CF013683B0CE507E640F40A6 /* [CP] Embed Pods Frameworks */,
			);
			buildRules = (
			);
			dependencies = (
			);
			name = NeatoSurfingSpots;
			productName = NeatoSurfingSpots;
			productReference = E5512AE927EE70DF0089F274 /* NeatoSurfingSpots.app */;
			productType = "com.apple.product-type.application";
		};
		E5512AFE27EE70E30089F274 /* NeatoSurfingSpotsTests */ = {
			isa = PBXNativeTarget;
			buildConfigurationList = E5512B1627EE70E30089F274 /* Build configuration list for PBXNativeTarget "NeatoSurfingSpotsTests" */;
			buildPhases = (
				F2ADF2FB73FFD639AEAC75A0 /* [CP] Check Pods Manifest.lock */,
				E5512AFB27EE70E30089F274 /* Sources */,
				E5512AFC27EE70E30089F274 /* Frameworks */,
				E5512AFD27EE70E30089F274 /* Resources */,
			);
			buildRules = (
			);
			dependencies = (
				E5512B0127EE70E30089F274 /* PBXTargetDependency */,
			);
			name = NeatoSurfingSpotsTests;
			productName = NeatoSurfingSpotsTests;
			productReference = E5512AFF27EE70E30089F274 /* NeatoSurfingSpotsTests.xctest */;
			productType = "com.apple.product-type.bundle.unit-test";
		};
		E5512B0827EE70E30089F274 /* NeatoSurfingSpotsUITests */ = {
			isa = PBXNativeTarget;
			buildConfigurationList = E5512B1927EE70E30089F274 /* Build configuration list for PBXNativeTarget "NeatoSurfingSpotsUITests" */;
			buildPhases = (
				72B73B5651C152FD5EDC5D4C /* [CP] Check Pods Manifest.lock */,
				E5512B0527EE70E30089F274 /* Sources */,
				E5512B0627EE70E30089F274 /* Frameworks */,
				E5512B0727EE70E30089F274 /* Resources */,
				AAB746DAB8C05F76089097E1 /* [CP] Embed Pods Frameworks */,
			);
			buildRules = (
			);
			dependencies = (
				E5512B0B27EE70E30089F274 /* PBXTargetDependency */,
			);
			name = NeatoSurfingSpotsUITests;
			productName = NeatoSurfingSpotsUITests;
			productReference = E5512B0927EE70E30089F274 /* NeatoSurfingSpotsUITests.xctest */;
			productType = "com.apple.product-type.bundle.ui-testing";
		};
/* End PBXNativeTarget section */

/* Begin PBXProject section */
		E5512AE127EE70DE0089F274 /* Project object */ = {
			isa = PBXProject;
			attributes = {
				BuildIndependentTargetsInParallel = 1;
				LastSwiftUpdateCheck = 1330;
				LastUpgradeCheck = 1330;
				TargetAttributes = {
					E5512AE827EE70DF0089F274 = {
						CreatedOnToolsVersion = 13.3;
					};
					E5512AFE27EE70E30089F274 = {
						CreatedOnToolsVersion = 13.3;
						TestTargetID = E5512AE827EE70DF0089F274;
					};
					E5512B0827EE70E30089F274 = {
						CreatedOnToolsVersion = 13.3;
						TestTargetID = E5512AE827EE70DF0089F274;
					};
				};
			};
			buildConfigurationList = E5512AE427EE70DE0089F274 /* Build configuration list for PBXProject "NeatoSurfingSpots" */;
			compatibilityVersion = "Xcode 13.0";
			developmentRegion = en;
			hasScannedForEncodings = 0;
			knownRegions = (
				en,
				Base,
			);
			mainGroup = E5512AE027EE70DE0089F274;
			productRefGroup = E5512AEA27EE70DF0089F274 /* Products */;
			projectDirPath = "";
			projectRoot = "";
			targets = (
				E5512AE827EE70DF0089F274 /* NeatoSurfingSpots */,
				E5512AFE27EE70E30089F274 /* NeatoSurfingSpotsTests */,
				E5512B0827EE70E30089F274 /* NeatoSurfingSpotsUITests */,
			);
		};
/* End PBXProject section */

/* Begin PBXResourcesBuildPhase section */
		E5512AE727EE70DF0089F274 /* Resources */ = {
			isa = PBXResourcesBuildPhase;
			buildActionMask = 2147483647;
			files = (
				E5512AF927EE70E20089F274 /* LaunchScreen.storyboard in Resources */,
				E5512AF627EE70E20089F274 /* Assets.xcassets in Resources */,
			);
			runOnlyForDeploymentPostprocessing = 0;
		};
		E5512AFD27EE70E30089F274 /* Resources */ = {
			isa = PBXResourcesBuildPhase;
			buildActionMask = 2147483647;
			files = (
			);
			runOnlyForDeploymentPostprocessing = 0;
		};
		E5512B0727EE70E30089F274 /* Resources */ = {
			isa = PBXResourcesBuildPhase;
			buildActionMask = 2147483647;
			files = (
			);
			runOnlyForDeploymentPostprocessing = 0;
		};
/* End PBXResourcesBuildPhase section */

/* Begin PBXShellScriptBuildPhase section */
		72B73B5651C152FD5EDC5D4C /* [CP] Check Pods Manifest.lock */ = {
			isa = PBXShellScriptBuildPhase;
			buildActionMask = 2147483647;
			files = (
			);
			inputFileListPaths = (
			);
			inputPaths = (
				"${PODS_PODFILE_DIR_PATH}/Podfile.lock",
				"${PODS_ROOT}/Manifest.lock",
			);
			name = "[CP] Check Pods Manifest.lock";
			outputFileListPaths = (
			);
			outputPaths = (
				"$(DERIVED_FILE_DIR)/Pods-NeatoSurfingSpots-NeatoSurfingSpotsUITests-checkManifestLockResult.txt",
			);
			runOnlyForDeploymentPostprocessing = 0;
			shellPath = /bin/sh;
			shellScript = "diff \"${PODS_PODFILE_DIR_PATH}/Podfile.lock\" \"${PODS_ROOT}/Manifest.lock\" > /dev/null\nif [ $? != 0 ] ; then\n    # print error to STDERR\n    echo \"error: The sandbox is not in sync with the Podfile.lock. Run 'pod install' or update your CocoaPods installation.\" >&2\n    exit 1\nfi\n# This output is used by Xcode 'outputs' to avoid re-running this script phase.\necho \"SUCCESS\" > \"${SCRIPT_OUTPUT_FILE_0}\"\n";
			showEnvVarsInLog = 0;
		};
		AAB746DAB8C05F76089097E1 /* [CP] Embed Pods Frameworks */ = {
			isa = PBXShellScriptBuildPhase;
			buildActionMask = 2147483647;
			files = (
			);
			inputFileListPaths = (
				"${PODS_ROOT}/Target Support Files/Pods-NeatoSurfingSpots-NeatoSurfingSpotsUITests/Pods-NeatoSurfingSpots-NeatoSurfingSpotsUITests-frameworks-${CONFIGURATION}-input-files.xcfilelist",
			);
			name = "[CP] Embed Pods Frameworks";
			outputFileListPaths = (
				"${PODS_ROOT}/Target Support Files/Pods-NeatoSurfingSpots-NeatoSurfingSpotsUITests/Pods-NeatoSurfingSpots-NeatoSurfingSpotsUITests-frameworks-${CONFIGURATION}-output-files.xcfilelist",
			);
			runOnlyForDeploymentPostprocessing = 0;
			shellPath = /bin/sh;
			shellScript = "\"${PODS_ROOT}/Target Support Files/Pods-NeatoSurfingSpots-NeatoSurfingSpotsUITests/Pods-NeatoSurfingSpots-NeatoSurfingSpotsUITests-frameworks.sh\"\n";
			showEnvVarsInLog = 0;
		};
		CF013683B0CE507E640F40A6 /* [CP] Embed Pods Frameworks */ = {
			isa = PBXShellScriptBuildPhase;
			buildActionMask = 2147483647;
			files = (
			);
			inputFileListPaths = (
				"${PODS_ROOT}/Target Support Files/Pods-NeatoSurfingSpots/Pods-NeatoSurfingSpots-frameworks-${CONFIGURATION}-input-files.xcfilelist",
			);
			name = "[CP] Embed Pods Frameworks";
			outputFileListPaths = (
				"${PODS_ROOT}/Target Support Files/Pods-NeatoSurfingSpots/Pods-NeatoSurfingSpots-frameworks-${CONFIGURATION}-output-files.xcfilelist",
			);
			runOnlyForDeploymentPostprocessing = 0;
			shellPath = /bin/sh;
			shellScript = "\"${PODS_ROOT}/Target Support Files/Pods-NeatoSurfingSpots/Pods-NeatoSurfingSpots-frameworks.sh\"\n";
			showEnvVarsInLog = 0;
		};
		E5512B1F27EE744B0089F274 /* SwiftLint */ = {
			isa = PBXShellScriptBuildPhase;
			buildActionMask = 2147483647;
			files = (
			);
			inputFileListPaths = (
			);
			inputPaths = (
			);
			name = SwiftLint;
			outputFileListPaths = (
			);
			outputPaths = (
			);
			runOnlyForDeploymentPostprocessing = 0;
			shellPath = /bin/sh;
			shellScript = "if which swiftlint >/dev/null; then\n  #swiftlint\n  swiftlint --fix && swiftlint\n  #echo \"no-op\"\nelse\n  echo \"warning: SwiftLint not installed, download from https://github.com/realm/SwiftLint\"\nfi\n";
		};
		EED7E93801F904B03E20AB9B /* [CP] Check Pods Manifest.lock */ = {
			isa = PBXShellScriptBuildPhase;
			buildActionMask = 2147483647;
			files = (
			);
			inputFileListPaths = (
			);
			inputPaths = (
				"${PODS_PODFILE_DIR_PATH}/Podfile.lock",
				"${PODS_ROOT}/Manifest.lock",
			);
			name = "[CP] Check Pods Manifest.lock";
			outputFileListPaths = (
			);
			outputPaths = (
				"$(DERIVED_FILE_DIR)/Pods-NeatoSurfingSpots-checkManifestLockResult.txt",
			);
			runOnlyForDeploymentPostprocessing = 0;
			shellPath = /bin/sh;
			shellScript = "diff \"${PODS_PODFILE_DIR_PATH}/Podfile.lock\" \"${PODS_ROOT}/Manifest.lock\" > /dev/null\nif [ $? != 0 ] ; then\n    # print error to STDERR\n    echo \"error: The sandbox is not in sync with the Podfile.lock. Run 'pod install' or update your CocoaPods installation.\" >&2\n    exit 1\nfi\n# This output is used by Xcode 'outputs' to avoid re-running this script phase.\necho \"SUCCESS\" > \"${SCRIPT_OUTPUT_FILE_0}\"\n";
			showEnvVarsInLog = 0;
		};
		F2ADF2FB73FFD639AEAC75A0 /* [CP] Check Pods Manifest.lock */ = {
			isa = PBXShellScriptBuildPhase;
			buildActionMask = 2147483647;
			files = (
			);
			inputFileListPaths = (
			);
			inputPaths = (
				"${PODS_PODFILE_DIR_PATH}/Podfile.lock",
				"${PODS_ROOT}/Manifest.lock",
			);
			name = "[CP] Check Pods Manifest.lock";
			outputFileListPaths = (
			);
			outputPaths = (
				"$(DERIVED_FILE_DIR)/Pods-NeatoSurfingSpotsTests-checkManifestLockResult.txt",
			);
			runOnlyForDeploymentPostprocessing = 0;
			shellPath = /bin/sh;
			shellScript = "diff \"${PODS_PODFILE_DIR_PATH}/Podfile.lock\" \"${PODS_ROOT}/Manifest.lock\" > /dev/null\nif [ $? != 0 ] ; then\n    # print error to STDERR\n    echo \"error: The sandbox is not in sync with the Podfile.lock. Run 'pod install' or update your CocoaPods installation.\" >&2\n    exit 1\nfi\n# This output is used by Xcode 'outputs' to avoid re-running this script phase.\necho \"SUCCESS\" > \"${SCRIPT_OUTPUT_FILE_0}\"\n";
			showEnvVarsInLog = 0;
		};
/* End PBXShellScriptBuildPhase section */

/* Begin PBXSourcesBuildPhase section */
		E5512AE527EE70DF0089F274 /* Sources */ = {
			isa = PBXSourcesBuildPhase;
			buildActionMask = 2147483647;
			files = (
				E5CDE1A627EE96B3009219AD /* Hash.swift in Sources */,
				E5512AF127EE70DF0089F274 /* HomeViewController.swift in Sources */,
				E5CDE19927EE78E7009219AD /* SurfingSpot.swift in Sources */,
				E5CDE19D27EE7C4D009219AD /* HomeViewModel.swift in Sources */,
				E5CDE19F27EE82F9009219AD /* CityViewModel.swift in Sources */,
				E5CDE1A327EE89CE009219AD /* Reusable.swift in Sources */,
				E5512AED27EE70DF0089F274 /* AppDelegate.swift in Sources */,
				E5CDE1A127EE89C6009219AD /* CityCell.swift in Sources */,
				E5CDE19B27EE7AC8009219AD /* NetworkClientMock.swift in Sources */,
				E5512B1E27EE72BD0089F274 /* Coordinator.swift in Sources */,
				E5CDE19727EE785B009219AD /* NetworkClient.swift in Sources */,
			);
			runOnlyForDeploymentPostprocessing = 0;
		};
		E5512AFB27EE70E30089F274 /* Sources */ = {
			isa = PBXSourcesBuildPhase;
			buildActionMask = 2147483647;
			files = (
				E5512B0427EE70E30089F274 /* NeatoSurfingSpotsTests.swift in Sources */,
				E53EA76327F261B70010C6F6 /* MockyURLProtocol.swift in Sources */,
			);
			runOnlyForDeploymentPostprocessing = 0;
		};
		E5512B0527EE70E30089F274 /* Sources */ = {
			isa = PBXSourcesBuildPhase;
			buildActionMask = 2147483647;
			files = (
				E5512B0E27EE70E30089F274 /* NeatoSurfingSpotsUITests.swift in Sources */,
				E5512B1027EE70E30089F274 /* NeatoSurfingSpotsUITestsLaunchTests.swift in Sources */,
			);
			runOnlyForDeploymentPostprocessing = 0;
		};
/* End PBXSourcesBuildPhase section */

/* Begin PBXTargetDependency section */
		E5512B0127EE70E30089F274 /* PBXTargetDependency */ = {
			isa = PBXTargetDependency;
			target = E5512AE827EE70DF0089F274 /* NeatoSurfingSpots */;
			targetProxy = E5512B0027EE70E30089F274 /* PBXContainerItemProxy */;
		};
		E5512B0B27EE70E30089F274 /* PBXTargetDependency */ = {
			isa = PBXTargetDependency;
			target = E5512AE827EE70DF0089F274 /* NeatoSurfingSpots */;
			targetProxy = E5512B0A27EE70E30089F274 /* PBXContainerItemProxy */;
		};
/* End PBXTargetDependency section */

/* Begin PBXVariantGroup section */
		E5512AF727EE70E20089F274 /* LaunchScreen.storyboard */ = {
			isa = PBXVariantGroup;
			children = (
				E5512AF827EE70E20089F274 /* Base */,
			);
			name = LaunchScreen.storyboard;
			sourceTree = "<group>";
		};
/* End PBXVariantGroup section */

/* Begin XCBuildConfiguration section */
		E5512B1127EE70E30089F274 /* Debug */ = {
			isa = XCBuildConfiguration;
			buildSettings = {
				ALWAYS_SEARCH_USER_PATHS = NO;
				CLANG_ANALYZER_NONNULL = YES;
				CLANG_ANALYZER_NUMBER_OBJECT_CONVERSION = YES_AGGRESSIVE;
				CLANG_CXX_LANGUAGE_STANDARD = "gnu++17";
				CLANG_ENABLE_MODULES = YES;
				CLANG_ENABLE_OBJC_ARC = YES;
				CLANG_ENABLE_OBJC_WEAK = YES;
				CLANG_WARN_BLOCK_CAPTURE_AUTORELEASING = YES;
				CLANG_WARN_BOOL_CONVERSION = YES;
				CLANG_WARN_COMMA = YES;
				CLANG_WARN_CONSTANT_CONVERSION = YES;
				CLANG_WARN_DEPRECATED_OBJC_IMPLEMENTATIONS = YES;
				CLANG_WARN_DIRECT_OBJC_ISA_USAGE = YES_ERROR;
				CLANG_WARN_DOCUMENTATION_COMMENTS = YES;
				CLANG_WARN_EMPTY_BODY = YES;
				CLANG_WARN_ENUM_CONVERSION = YES;
				CLANG_WARN_INFINITE_RECURSION = YES;
				CLANG_WARN_INT_CONVERSION = YES;
				CLANG_WARN_NON_LITERAL_NULL_CONVERSION = YES;
				CLANG_WARN_OBJC_IMPLICIT_RETAIN_SELF = YES;
				CLANG_WARN_OBJC_LITERAL_CONVERSION = YES;
				CLANG_WARN_OBJC_ROOT_CLASS = YES_ERROR;
				CLANG_WARN_QUOTED_INCLUDE_IN_FRAMEWORK_HEADER = YES;
				CLANG_WARN_RANGE_LOOP_ANALYSIS = YES;
				CLANG_WARN_STRICT_PROTOTYPES = YES;
				CLANG_WARN_SUSPICIOUS_MOVE = YES;
				CLANG_WARN_UNGUARDED_AVAILABILITY = YES_AGGRESSIVE;
				CLANG_WARN_UNREACHABLE_CODE = YES;
				CLANG_WARN__DUPLICATE_METHOD_MATCH = YES;
				COPY_PHASE_STRIP = NO;
				DEBUG_INFORMATION_FORMAT = dwarf;
				ENABLE_STRICT_OBJC_MSGSEND = YES;
				ENABLE_TESTABILITY = YES;
				GCC_C_LANGUAGE_STANDARD = gnu11;
				GCC_DYNAMIC_NO_PIC = NO;
				GCC_NO_COMMON_BLOCKS = YES;
				GCC_OPTIMIZATION_LEVEL = 0;
				GCC_PREPROCESSOR_DEFINITIONS = (
					"DEBUG=1",
					"$(inherited)",
				);
				GCC_WARN_64_TO_32_BIT_CONVERSION = YES;
				GCC_WARN_ABOUT_RETURN_TYPE = YES_ERROR;
				GCC_WARN_UNDECLARED_SELECTOR = YES;
				GCC_WARN_UNINITIALIZED_AUTOS = YES_AGGRESSIVE;
				GCC_WARN_UNUSED_FUNCTION = YES;
				GCC_WARN_UNUSED_VARIABLE = YES;
				IPHONEOS_DEPLOYMENT_TARGET = 15.4;
				MTL_ENABLE_DEBUG_INFO = INCLUDE_SOURCE;
				MTL_FAST_MATH = YES;
				ONLY_ACTIVE_ARCH = YES;
				SDKROOT = iphoneos;
				SWIFT_ACTIVE_COMPILATION_CONDITIONS = DEBUG;
				SWIFT_OPTIMIZATION_LEVEL = "-Onone";
			};
			name = Debug;
		};
		E5512B1227EE70E30089F274 /* Release */ = {
			isa = XCBuildConfiguration;
			buildSettings = {
				ALWAYS_SEARCH_USER_PATHS = NO;
				CLANG_ANALYZER_NONNULL = YES;
				CLANG_ANALYZER_NUMBER_OBJECT_CONVERSION = YES_AGGRESSIVE;
				CLANG_CXX_LANGUAGE_STANDARD = "gnu++17";
				CLANG_ENABLE_MODULES = YES;
				CLANG_ENABLE_OBJC_ARC = YES;
				CLANG_ENABLE_OBJC_WEAK = YES;
				CLANG_WARN_BLOCK_CAPTURE_AUTORELEASING = YES;
				CLANG_WARN_BOOL_CONVERSION = YES;
				CLANG_WARN_COMMA = YES;
				CLANG_WARN_CONSTANT_CONVERSION = YES;
				CLANG_WARN_DEPRECATED_OBJC_IMPLEMENTATIONS = YES;
				CLANG_WARN_DIRECT_OBJC_ISA_USAGE = YES_ERROR;
				CLANG_WARN_DOCUMENTATION_COMMENTS = YES;
				CLANG_WARN_EMPTY_BODY = YES;
				CLANG_WARN_ENUM_CONVERSION = YES;
				CLANG_WARN_INFINITE_RECURSION = YES;
				CLANG_WARN_INT_CONVERSION = YES;
				CLANG_WARN_NON_LITERAL_NULL_CONVERSION = YES;
				CLANG_WARN_OBJC_IMPLICIT_RETAIN_SELF = YES;
				CLANG_WARN_OBJC_LITERAL_CONVERSION = YES;
				CLANG_WARN_OBJC_ROOT_CLASS = YES_ERROR;
				CLANG_WARN_QUOTED_INCLUDE_IN_FRAMEWORK_HEADER = YES;
				CLANG_WARN_RANGE_LOOP_ANALYSIS = YES;
				CLANG_WARN_STRICT_PROTOTYPES = YES;
				CLANG_WARN_SUSPICIOUS_MOVE = YES;
				CLANG_WARN_UNGUARDED_AVAILABILITY = YES_AGGRESSIVE;
				CLANG_WARN_UNREACHABLE_CODE = YES;
				CLANG_WARN__DUPLICATE_METHOD_MATCH = YES;
				COPY_PHASE_STRIP = NO;
				DEBUG_INFORMATION_FORMAT = "dwarf-with-dsym";
				ENABLE_NS_ASSERTIONS = NO;
				ENABLE_STRICT_OBJC_MSGSEND = YES;
				GCC_C_LANGUAGE_STANDARD = gnu11;
				GCC_NO_COMMON_BLOCKS = YES;
				GCC_WARN_64_TO_32_BIT_CONVERSION = YES;
				GCC_WARN_ABOUT_RETURN_TYPE = YES_ERROR;
				GCC_WARN_UNDECLARED_SELECTOR = YES;
				GCC_WARN_UNINITIALIZED_AUTOS = YES_AGGRESSIVE;
				GCC_WARN_UNUSED_FUNCTION = YES;
				GCC_WARN_UNUSED_VARIABLE = YES;
				IPHONEOS_DEPLOYMENT_TARGET = 15.4;
				MTL_ENABLE_DEBUG_INFO = NO;
				MTL_FAST_MATH = YES;
				SDKROOT = iphoneos;
				SWIFT_COMPILATION_MODE = wholemodule;
				SWIFT_OPTIMIZATION_LEVEL = "-O";
				VALIDATE_PRODUCT = YES;
			};
			name = Release;
		};
		E5512B1427EE70E30089F274 /* Debug */ = {
			isa = XCBuildConfiguration;
			baseConfigurationReference = 0BD573065061D2D595204548 /* Pods-NeatoSurfingSpots.debug.xcconfig */;
			buildSettings = {
				ASSETCATALOG_COMPILER_APPICON_NAME = AppIcon;
				ASSETCATALOG_COMPILER_GLOBAL_ACCENT_COLOR_NAME = AccentColor;
				CODE_SIGN_STYLE = Automatic;
				CURRENT_PROJECT_VERSION = 1;
				DEVELOPMENT_TEAM = Q78LKWJ5MC;
				GENERATE_INFOPLIST_FILE = YES;
				INFOPLIST_FILE = NeatoSurfingSpots/Info.plist;
				INFOPLIST_KEY_UIApplicationSupportsIndirectInputEvents = YES;
				INFOPLIST_KEY_UILaunchStoryboardName = LaunchScreen;
				INFOPLIST_KEY_UIMainStoryboardFile = "";
				INFOPLIST_KEY_UISupportedInterfaceOrientations_iPad = "UIInterfaceOrientationPortrait UIInterfaceOrientationPortraitUpsideDown UIInterfaceOrientationLandscapeLeft UIInterfaceOrientationLandscapeRight";
				INFOPLIST_KEY_UISupportedInterfaceOrientations_iPhone = "UIInterfaceOrientationPortrait UIInterfaceOrientationLandscapeLeft UIInterfaceOrientationLandscapeRight";
				LD_RUNPATH_SEARCH_PATHS = (
					"$(inherited)",
					"@executable_path/Frameworks",
				);
				MARKETING_VERSION = 1.0;
				PRODUCT_BUNDLE_IDENTIFIER = com.fabiosoft.NeatoSurfingSpots;
				PRODUCT_NAME = "$(TARGET_NAME)";
				SWIFT_EMIT_LOC_STRINGS = YES;
				SWIFT_VERSION = 5.0;
				TARGETED_DEVICE_FAMILY = 1;
			};
			name = Debug;
		};
		E5512B1527EE70E30089F274 /* Release */ = {
			isa = XCBuildConfiguration;
			baseConfigurationReference = DEE6119834B6FFD060BA81B8 /* Pods-NeatoSurfingSpots.release.xcconfig */;
			buildSettings = {
				ASSETCATALOG_COMPILER_APPICON_NAME = AppIcon;
				ASSETCATALOG_COMPILER_GLOBAL_ACCENT_COLOR_NAME = AccentColor;
				CODE_SIGN_STYLE = Automatic;
				CURRENT_PROJECT_VERSION = 1;
				DEVELOPMENT_TEAM = Q78LKWJ5MC;
				GENERATE_INFOPLIST_FILE = YES;
				INFOPLIST_FILE = NeatoSurfingSpots/Info.plist;
				INFOPLIST_KEY_UIApplicationSupportsIndirectInputEvents = YES;
				INFOPLIST_KEY_UILaunchStoryboardName = LaunchScreen;
				INFOPLIST_KEY_UIMainStoryboardFile = "";
				INFOPLIST_KEY_UISupportedInterfaceOrientations_iPad = "UIInterfaceOrientationPortrait UIInterfaceOrientationPortraitUpsideDown UIInterfaceOrientationLandscapeLeft UIInterfaceOrientationLandscapeRight";
				INFOPLIST_KEY_UISupportedInterfaceOrientations_iPhone = "UIInterfaceOrientationPortrait UIInterfaceOrientationLandscapeLeft UIInterfaceOrientationLandscapeRight";
				LD_RUNPATH_SEARCH_PATHS = (
					"$(inherited)",
					"@executable_path/Frameworks",
				);
				MARKETING_VERSION = 1.0;
				PRODUCT_BUNDLE_IDENTIFIER = com.fabiosoft.NeatoSurfingSpots;
				PRODUCT_NAME = "$(TARGET_NAME)";
				SWIFT_EMIT_LOC_STRINGS = YES;
				SWIFT_VERSION = 5.0;
				TARGETED_DEVICE_FAMILY = 1;
			};
			name = Release;
		};
		E5512B1727EE70E30089F274 /* Debug */ = {
			isa = XCBuildConfiguration;
			baseConfigurationReference = 7BCF8E028AC1BCECBCFA3595 /* Pods-NeatoSurfingSpotsTests.debug.xcconfig */;
			buildSettings = {
				ALWAYS_EMBED_SWIFT_STANDARD_LIBRARIES = YES;
				BUNDLE_LOADER = "$(TEST_HOST)";
				CODE_SIGN_STYLE = Automatic;
				CURRENT_PROJECT_VERSION = 1;
				DEVELOPMENT_TEAM = Q78LKWJ5MC;
				GENERATE_INFOPLIST_FILE = YES;
				IPHONEOS_DEPLOYMENT_TARGET = 15.4;
				MARKETING_VERSION = 1.0;
				PRODUCT_BUNDLE_IDENTIFIER = com.fabiosoft.NeatoSurfingSpotsTests;
				PRODUCT_NAME = "$(TARGET_NAME)";
				SWIFT_EMIT_LOC_STRINGS = NO;
				SWIFT_VERSION = 5.0;
				TARGETED_DEVICE_FAMILY = "1,2";
				TEST_HOST = "$(BUILT_PRODUCTS_DIR)/NeatoSurfingSpots.app/NeatoSurfingSpots";
			};
			name = Debug;
		};
		E5512B1827EE70E30089F274 /* Release */ = {
			isa = XCBuildConfiguration;
			baseConfigurationReference = F1BBFF63608C3ED9C818F616 /* Pods-NeatoSurfingSpotsTests.release.xcconfig */;
			buildSettings = {
				ALWAYS_EMBED_SWIFT_STANDARD_LIBRARIES = YES;
				BUNDLE_LOADER = "$(TEST_HOST)";
				CODE_SIGN_STYLE = Automatic;
				CURRENT_PROJECT_VERSION = 1;
				DEVELOPMENT_TEAM = Q78LKWJ5MC;
				GENERATE_INFOPLIST_FILE = YES;
				IPHONEOS_DEPLOYMENT_TARGET = 15.4;
				MARKETING_VERSION = 1.0;
				PRODUCT_BUNDLE_IDENTIFIER = com.fabiosoft.NeatoSurfingSpotsTests;
				PRODUCT_NAME = "$(TARGET_NAME)";
				SWIFT_EMIT_LOC_STRINGS = NO;
				SWIFT_VERSION = 5.0;
				TARGETED_DEVICE_FAMILY = "1,2";
				TEST_HOST = "$(BUILT_PRODUCTS_DIR)/NeatoSurfingSpots.app/NeatoSurfingSpots";
			};
			name = Release;
		};
		E5512B1A27EE70E30089F274 /* Debug */ = {
			isa = XCBuildConfiguration;
			baseConfigurationReference = CE760C55C22AA1451F9BEDCE /* Pods-NeatoSurfingSpots-NeatoSurfingSpotsUITests.debug.xcconfig */;
			buildSettings = {
				ALWAYS_EMBED_SWIFT_STANDARD_LIBRARIES = YES;
				CODE_SIGN_STYLE = Automatic;
				CURRENT_PROJECT_VERSION = 1;
				DEVELOPMENT_TEAM = Q78LKWJ5MC;
				GENERATE_INFOPLIST_FILE = YES;
				MARKETING_VERSION = 1.0;
				PRODUCT_BUNDLE_IDENTIFIER = com.fabiosoft.NeatoSurfingSpotsUITests;
				PRODUCT_NAME = "$(TARGET_NAME)";
				SWIFT_EMIT_LOC_STRINGS = NO;
				SWIFT_VERSION = 5.0;
				TARGETED_DEVICE_FAMILY = "1,2";
				TEST_TARGET_NAME = NeatoSurfingSpots;
			};
			name = Debug;
		};
		E5512B1B27EE70E30089F274 /* Release */ = {
			isa = XCBuildConfiguration;
			baseConfigurationReference = 50E1A19FF402D2C2ECEAD810 /* Pods-NeatoSurfingSpots-NeatoSurfingSpotsUITests.release.xcconfig */;
			buildSettings = {
				ALWAYS_EMBED_SWIFT_STANDARD_LIBRARIES = YES;
				CODE_SIGN_STYLE = Automatic;
				CURRENT_PROJECT_VERSION = 1;
				DEVELOPMENT_TEAM = Q78LKWJ5MC;
				GENERATE_INFOPLIST_FILE = YES;
				MARKETING_VERSION = 1.0;
				PRODUCT_BUNDLE_IDENTIFIER = com.fabiosoft.NeatoSurfingSpotsUITests;
				PRODUCT_NAME = "$(TARGET_NAME)";
				SWIFT_EMIT_LOC_STRINGS = NO;
				SWIFT_VERSION = 5.0;
				TARGETED_DEVICE_FAMILY = "1,2";
				TEST_TARGET_NAME = NeatoSurfingSpots;
			};
			name = Release;
		};
/* End XCBuildConfiguration section */

/* Begin XCConfigurationList section */
		E5512AE427EE70DE0089F274 /* Build configuration list for PBXProject "NeatoSurfingSpots" */ = {
			isa = XCConfigurationList;
			buildConfigurations = (
				E5512B1127EE70E30089F274 /* Debug */,
				E5512B1227EE70E30089F274 /* Release */,
			);
			defaultConfigurationIsVisible = 0;
			defaultConfigurationName = Release;
		};
		E5512B1327EE70E30089F274 /* Build configuration list for PBXNativeTarget "NeatoSurfingSpots" */ = {
			isa = XCConfigurationList;
			buildConfigurations = (
				E5512B1427EE70E30089F274 /* Debug */,
				E5512B1527EE70E30089F274 /* Release */,
			);
			defaultConfigurationIsVisible = 0;
			defaultConfigurationName = Release;
		};
		E5512B1627EE70E30089F274 /* Build configuration list for PBXNativeTarget "NeatoSurfingSpotsTests" */ = {
			isa = XCConfigurationList;
			buildConfigurations = (
				E5512B1727EE70E30089F274 /* Debug */,
				E5512B1827EE70E30089F274 /* Release */,
			);
			defaultConfigurationIsVisible = 0;
			defaultConfigurationName = Release;
		};
		E5512B1927EE70E30089F274 /* Build configuration list for PBXNativeTarget "NeatoSurfingSpotsUITests" */ = {
			isa = XCConfigurationList;
			buildConfigurations = (
				E5512B1A27EE70E30089F274 /* Debug */,
				E5512B1B27EE70E30089F274 /* Release */,
			);
			defaultConfigurationIsVisible = 0;
			defaultConfigurationName = Release;
		};
/* End XCConfigurationList section */
	};
	rootObject = E5512AE127EE70DE0089F274 /* Project object */;
}
